{
  "name": "@repositories/redis",
  "version": "1.0.0",
  "lockfileVersion": 1,
  "requires": true,
  "dependencies": {
    "async.eachof": {
      "version": "0.5.2",
      "resolved": "https://registry.npmjs.org/async.eachof/-/async.eachof-0.5.2.tgz",
      "integrity": "sha1-Y3//bnAwJ1NCJX/19Ys7hPYc7KY=",
      "requires": {
        "async.util.keyiterator": "0.5.2",
        "async.util.noop": "0.5.2",
        "async.util.once": "0.5.2",
        "async.util.onlyonce": "0.5.2"
      }
    },
    "async.map": {
      "version": "0.5.2",
      "resolved": "https://registry.npmjs.org/async.map/-/async.map-0.5.2.tgz",
      "integrity": "sha1-+W4O5yqrhYYHOYWU6YfZii0pkz0=",
      "requires": {
        "async.util.doparallel": "0.5.2",
        "async.util.mapasync": "0.5.2"
      }
    },
    "async.util.doparallel": {
      "version": "0.5.2",
      "resolved": "https://registry.npmjs.org/async.util.doparallel/-/async.util.doparallel-0.5.2.tgz",
      "integrity": "sha1-WbprIre2ASIWt9scJ/cdoBYBRlU=",
      "requires": {
        "async.eachof": "0.5.2"
      }
    },
    "async.util.isarray": {
      "version": "0.5.2",
      "resolved": "https://registry.npmjs.org/async.util.isarray/-/async.util.isarray-0.5.2.tgz",
      "integrity": "sha1-5i2sjyY29lh13PdSHC0k0N+yu98="
    },
    "async.util.isarraylike": {
      "version": "0.5.2",
      "resolved": "https://registry.npmjs.org/async.util.isarraylike/-/async.util.isarraylike-0.5.2.tgz",
      "integrity": "sha1-jn+H2pFB8vCZboBAR30NTv4/UPg=",
      "requires": {
        "async.util.isarray": "0.5.2"
      }
    },
    "async.util.keyiterator": {
      "version": "0.5.2",
      "resolved": "https://registry.npmjs.org/async.util.keyiterator/-/async.util.keyiterator-0.5.2.tgz",
      "integrity": "sha1-M55s6PidAAQz+3gU4ico8/F1CQ0=",
      "requires": {
        "async.util.isarraylike": "0.5.2",
        "async.util.keys": "0.5.2"
      }
    },
    "async.util.keys": {
      "version": "0.5.2",
      "resolved": "https://registry.npmjs.org/async.util.keys/-/async.util.keys-0.5.2.tgz",
      "integrity": "sha1-XDTd2KPtt6eIPJtf4hJngbIJivY="
    },
    "async.util.mapasync": {
      "version": "0.5.2",
      "resolved": "https://registry.npmjs.org/async.util.mapasync/-/async.util.mapasync-0.5.2.tgz",
      "integrity": "sha1-GO7juNLxJGDPUK/lrbGFCm2h46M=",
      "requires": {
        "async.util.isarraylike": "0.5.2",
        "async.util.noop": "0.5.2",
        "async.util.once": "0.5.2"
      }
    },
    "async.util.noop": {
      "version": "0.5.2",
      "resolved": "https://registry.npmjs.org/async.util.noop/-/async.util.noop-0.5.2.tgz",
      "integrity": "sha1-vdYrl8sKo/YLWGrRSEaGmJdeWLk="
    },
    "async.util.once": {
      "version": "0.5.2",
      "resolved": "https://registry.npmjs.org/async.util.once/-/async.util.once-0.5.2.tgz",
      "integrity": "sha1-FFPLdATK0IImlPq6vEepblyqchY="
    },
    "async.util.onlyonce": {
      "version": "0.5.2",
      "resolved": "https://registry.npmjs.org/async.util.onlyonce/-/async.util.onlyonce-0.5.2.tgz",
      "integrity": "sha1-uOb8AErckjFk154y8oE+5GXCT/I="
    },
    "auto-bind": {
      "version": "1.2.1",
      "resolved": "https://registry.npmjs.org/auto-bind/-/auto-bind-1.2.1.tgz",
      "integrity": "sha512-/W9yj1yKmBLwpexwAujeD9YHwYmRuWFGV8HWE7smQab797VeHa4/cnE2NFeDhA+E+5e/OGBI8763EhLjfZ/MXA=="
    },
    "polygoat": {
      "version": "1.1.4",
      "resolved": "https://registry.npmjs.org/polygoat/-/polygoat-1.1.4.tgz",
      "integrity": "sha1-Mp+aDRstSkUUniU5Ujxvff2FCl8="
    },
    "uuid": {
      "version": "3.3.2",
      "resolved": "https://registry.npmjs.org/uuid/-/uuid-3.3.2.tgz",
      "integrity": "sha512-yXJmeNaw3DnnKAOKJE51sL/ZaYfWJRl1pK9dr19YFCu0ObS231AB1/LbqTKRAQ5kw8A90rA6fr4riOUpTZvQZA=="
    }
  }
}
